
Microsoft Visual Studio Solution File, Format Version 12.00
# Visual Studio Version 17
VisualStudioVersion = 17.3.32929.385
MinimumVisualStudioVersion = 10.0.40219.1
Project("{9A19103F-16F7-4668-BE54-9A1E7A4F7556}") = "RestaurantAppCUD", "RestaurantAppCUD\RestaurantAppCUD.csproj", "{6FC59A17-FB88-4B39-A538-F0B5287B0391}"
EndProject
Project("{9A19103F-16F7-4668-BE54-9A1E7A4F7556}") = "AppLogicDBCUD", "AppLogicDBCUD\AppLogicDBCUD.csproj", "{632BCB78-A327-4508-BEE6-9A101E4FF37F}"
EndProject
Project("{FAE04EC0-301F-11D3-BF4B-00C04F79EFBC}") = "RestaurantAppTests", "RestaurantAppTests\RestaurantAppTests.csproj", "{2149F42C-1A1D-4637-88AD-9AC5975E3662}"
EndProject
Global
	GlobalSection(SolutionConfigurationPlatforms) = preSolution
		Debug|Any CPU = Debug|Any CPU
		Release|Any CPU = Release|Any CPU
	EndGlobalSection
	GlobalSection(ProjectConfigurationPlatforms) = postSolution
		{6FC59A17-FB88-4B39-A538-F0B5287B0391}.Debug|Any CPU.ActiveCfg = Debug|Any CPU
		{6FC59A17-FB88-4B39-A538-F0B5287B0391}.Debug|Any CPU.Build.0 = Debug|Any CPU
		{6FC59A17-FB88-4B39-A538-F0B5287B0391}.Release|Any CPU.ActiveCfg = Release|Any CPU
		{6FC59A17-FB88-4B39-A538-F0B5287B0391}.Release|Any CPU.Build.0 = Release|Any CPU
		{632BCB78-A327-4508-BEE6-9A101E4FF37F}.Debug|Any CPU.ActiveCfg = Debug|Any CPU
		{632BCB78-A327-4508-BEE6-9A101E4FF37F}.Debug|Any CPU.Build.0 = Debug|Any CPU
		{632BCB78-A327-4508-BEE6-9A101E4FF37F}.Release|Any CPU.ActiveCfg = Release|Any CPU
		{632BCB78-A327-4508-BEE6-9A101E4FF37F}.Release|Any CPU.Build.0 = Release|Any CPU
		{2149F42C-1A1D-4637-88AD-9AC5975E3662}.Debug|Any CPU.ActiveCfg = Debug|Any CPU
		{2149F42C-1A1D-4637-88AD-9AC5975E3662}.Debug|Any CPU.Build.0 = Debug|Any CPU
		{2149F42C-1A1D-4637-88AD-9AC5975E3662}.Release|Any CPU.ActiveCfg = Release|Any CPU
		{2149F42C-1A1D-4637-88AD-9AC5975E3662}.Release|Any CPU.Build.0 = Release|Any CPU
	EndGlobalSection
	GlobalSection(SolutionProperties) = preSolution
		HideSolutionNode = FALSE
	EndGlobalSection
	GlobalSection(ExtensibilityGlobals) = postSolution
		SolutionGuid = {56C54C0F-C907-468B-A687-554B6BADCC48}
	EndGlobalSection
EndGlobal
